
Microsoft Visual Studio Solution File, Format Version 12.00
# Visual Studio Version 17
VisualStudioVersion = 17.9.34607.119
MinimumVisualStudioVersion = 10.0.40219.1
Project("{FAE04EC0-301F-11D3-BF4B-00C04F79EFBC}") = "Examen01", "Examen01\Examen01.csproj", "{2CC4E413-9D03-422B-9054-8D1A8D9A33CA}"
EndProject
Global
	GlobalSection(SolutionConfigurationPlatforms) = preSolution
		Debug|Any CPU = Debug|Any CPU
		Release|Any CPU = Release|Any CPU
	EndGlobalSection
	GlobalSection(ProjectConfigurationPlatforms) = postSolution
		{2CC4E413-9D03-422B-9054-8D1A8D9A33CA}.Debug|Any CPU.ActiveCfg = Debug|Any CPU
		{2CC4E413-9D03-422B-9054-8D1A8D9A33CA}.Debug|Any CPU.Build.0 = Debug|Any CPU
		{2CC4E413-9D03-422B-9054-8D1A8D9A33CA}.Release|Any CPU.ActiveCfg = Release|Any CPU
		{2CC4E413-9D03-422B-9054-8D1A8D9A33CA}.Release|Any CPU.Build.0 = Release|Any CPU
	EndGlobalSection
	GlobalSection(SolutionProperties) = preSolution
		HideSolutionNode = FALSE
	EndGlobalSection
	GlobalSection(ExtensibilityGlobals) = postSolution
		SolutionGuid = {E5C17A29-77BC-4876-8169-3ED13D8D0D58}
	EndGlobalSection
EndGlobal
